// !$*UTF8*$!
{
	archiveVersion = 1;
	classes = {
	};
	objectVersion = 56;
	objects = {

/* Begin PBXBuildFile section */
		630423EB2AAA3487008C87C1 /* ImagePicker.swift in Sources */ = {isa = PBXBuildFile; fileRef = 630423EA2AAA3487008C87C1 /* ImagePicker.swift */; };
		630423ED2AAA3719008C87C1 /* ImageDetailView.swift in Sources */ = {isa = PBXBuildFile; fileRef = 630423EC2AAA3719008C87C1 /* ImageDetailView.swift */; };
		630423EF2AAA49DD008C87C1 /* Friend.swift in Sources */ = {isa = PBXBuildFile; fileRef = 630423EE2AAA49DD008C87C1 /* Friend.swift */; };
		630423F12AAA588C008C87C1 /* FileManager-DocumentsDirectory.swift in Sources */ = {isa = PBXBuildFile; fileRef = 630423F02AAA588C008C87C1 /* FileManager-DocumentsDirectory.swift */; };
		630423F32AAA6177008C87C1 /* ContentView-ViewModel.swift in Sources */ = {isa = PBXBuildFile; fileRef = 630423F22AAA6177008C87C1 /* ContentView-ViewModel.swift */; };
		630423F72AAAA704008C87C1 /* EditView.swift in Sources */ = {isa = PBXBuildFile; fileRef = 630423F62AAAA704008C87C1 /* EditView.swift */; };
		630423F92AAAA71D008C87C1 /* EditView-ViewModel.swift in Sources */ = {isa = PBXBuildFile; fileRef = 630423F82AAAA71D008C87C1 /* EditView-ViewModel.swift */; };
		6318801D2AB22677008AD116 /* LocationFetcher.swift in Sources */ = {isa = PBXBuildFile; fileRef = 6318801C2AB22677008AD116 /* LocationFetcher.swift */; };
		6318801F2AB22AAE008AD116 /* ImageDetailView-ViewModel.swift in Sources */ = {isa = PBXBuildFile; fileRef = 6318801E2AB22AAE008AD116 /* ImageDetailView-ViewModel.swift */; };
		63B8A78E2AA7F699008C3054 /* FriendMinderApp.swift in Sources */ = {isa = PBXBuildFile; fileRef = 63B8A78D2AA7F699008C3054 /* FriendMinderApp.swift */; };
		63B8A7902AA7F699008C3054 /* ContentView.swift in Sources */ = {isa = PBXBuildFile; fileRef = 63B8A78F2AA7F699008C3054 /* ContentView.swift */; };
		63B8A7922AA7F69A008C3054 /* Assets.xcassets in Resources */ = {isa = PBXBuildFile; fileRef = 63B8A7912AA7F69A008C3054 /* Assets.xcassets */; };
		63B8A7952AA7F69A008C3054 /* Preview Assets.xcassets in Resources */ = {isa = PBXBuildFile; fileRef = 63B8A7942AA7F69A008C3054 /* Preview Assets.xcassets */; };
/* End PBXBuildFile section */

/* Begin PBXFileReference section */
		630423EA2AAA3487008C87C1 /* ImagePicker.swift */ = {isa = PBXFileReference; lastKnownFileType = sourcecode.swift; path = ImagePicker.swift; sourceTree = "<group>"; };
		630423EC2AAA3719008C87C1 /* ImageDetailView.swift */ = {isa = PBXFileReference; lastKnownFileType = sourcecode.swift; path = ImageDetailView.swift; sourceTree = "<group>"; };
		630423EE2AAA49DD008C87C1 /* Friend.swift */ = {isa = PBXFileReference; lastKnownFileType = sourcecode.swift; path = Friend.swift; sourceTree = "<group>"; };
		630423F02AAA588C008C87C1 /* FileManager-DocumentsDirectory.swift */ = {isa = PBXFileReference; lastKnownFileType = sourcecode.swift; path = "FileManager-DocumentsDirectory.swift"; sourceTree = "<group>"; };
		630423F22AAA6177008C87C1 /* ContentView-ViewModel.swift */ = {isa = PBXFileReference; lastKnownFileType = sourcecode.swift; path = "ContentView-ViewModel.swift"; sourceTree = "<group>"; };
		630423F62AAAA704008C87C1 /* EditView.swift */ = {isa = PBXFileReference; lastKnownFileType = sourcecode.swift; path = EditView.swift; sourceTree = "<group>"; };
		630423F82AAAA71D008C87C1 /* EditView-ViewModel.swift */ = {isa = PBXFileReference; lastKnownFileType = sourcecode.swift; path = "EditView-ViewModel.swift"; sourceTree = "<group>"; };
		6318801C2AB22677008AD116 /* LocationFetcher.swift */ = {isa = PBXFileReference; lastKnownFileType = sourcecode.swift; name = LocationFetcher.swift; path = FriendMinder/Models/LocationFetcher.swift; sourceTree = SOURCE_ROOT; };
		6318801E2AB22AAE008AD116 /* ImageDetailView-ViewModel.swift */ = {isa = PBXFileReference; lastKnownFileType = sourcecode.swift; name = "ImageDetailView-ViewModel.swift"; path = "FriendMinder/ViewModels/ImageDetailView-ViewModel.swift"; sourceTree = SOURCE_ROOT; };
		631880202AB28B3A008AD116 /* Info.plist */ = {isa = PBXFileReference; lastKnownFileType = text.plist; path = Info.plist; sourceTree = "<group>"; };
		63B8A78A2AA7F699008C3054 /* FriendMinder.app */ = {isa = PBXFileReference; explicitFileType = wrapper.application; includeInIndex = 0; path = FriendMinder.app; sourceTree = BUILT_PRODUCTS_DIR; };
		63B8A78D2AA7F699008C3054 /* FriendMinderApp.swift */ = {isa = PBXFileReference; lastKnownFileType = sourcecode.swift; path = FriendMinderApp.swift; sourceTree = "<group>"; };
		63B8A78F2AA7F699008C3054 /* ContentView.swift */ = {isa = PBXFileReference; lastKnownFileType = sourcecode.swift; path = ContentView.swift; sourceTree = "<group>"; };
		63B8A7912AA7F69A008C3054 /* Assets.xcassets */ = {isa = PBXFileReference; lastKnownFileType = folder.assetcatalog; path = Assets.xcassets; sourceTree = "<group>"; };
		63B8A7942AA7F69A008C3054 /* Preview Assets.xcassets */ = {isa = PBXFileReference; lastKnownFileType = folder.assetcatalog; path = "Preview Assets.xcassets"; sourceTree = "<group>"; };
/* End PBXFileReference section */

/* Begin PBXFrameworksBuildPhase section */
		63B8A7872AA7F699008C3054 /* Frameworks */ = {
			isa = PBXFrameworksBuildPhase;
			buildActionMask = 2147483647;
			files = (
			);
			runOnlyForDeploymentPostprocessing = 0;
		};
/* End PBXFrameworksBuildPhase section */

/* Begin PBXGroup section */
		6318586B2AAD1EB800C87EAA /* Views */ = {
			isa = PBXGroup;
			children = (
				63B8A78F2AA7F699008C3054 /* ContentView.swift */,
				630423F62AAAA704008C87C1 /* EditView.swift */,
				630423EC2AAA3719008C87C1 /* ImageDetailView.swift */,
			);
			path = Views;
			sourceTree = "<group>";
		};
		6318586C2AAD1EEF00C87EAA /* ViewModels */ = {
			isa = PBXGroup;
			children = (
				6318801E2AB22AAE008AD116 /* ImageDetailView-ViewModel.swift */,
				630423F22AAA6177008C87C1 /* ContentView-ViewModel.swift */,
				630423F82AAAA71D008C87C1 /* EditView-ViewModel.swift */,
			);
			path = ViewModels;
			sourceTree = "<group>";
		};
		6318586D2AAD1F0F00C87EAA /* Models */ = {
			isa = PBXGroup;
			children = (
				6318801C2AB22677008AD116 /* LocationFetcher.swift */,
				630423F02AAA588C008C87C1 /* FileManager-DocumentsDirectory.swift */,
				630423EE2AAA49DD008C87C1 /* Friend.swift */,
				630423EA2AAA3487008C87C1 /* ImagePicker.swift */,
			);
			path = Models;
			sourceTree = "<group>";
		};
		63B8A7812AA7F699008C3054 = {
			isa = PBXGroup;
			children = (
				63B8A78C2AA7F699008C3054 /* FriendMinder */,
				63B8A78B2AA7F699008C3054 /* Products */,
			);
			sourceTree = "<group>";
		};
		63B8A78B2AA7F699008C3054 /* Products */ = {
			isa = PBXGroup;
			children = (
				63B8A78A2AA7F699008C3054 /* FriendMinder.app */,
			);
			name = Products;
			sourceTree = "<group>";
		};
		63B8A78C2AA7F699008C3054 /* FriendMinder */ = {
			isa = PBXGroup;
			children = (
				631880202AB28B3A008AD116 /* Info.plist */,
				63B8A78D2AA7F699008C3054 /* FriendMinderApp.swift */,
				6318586B2AAD1EB800C87EAA /* Views */,
				6318586C2AAD1EEF00C87EAA /* ViewModels */,
				6318586D2AAD1F0F00C87EAA /* Models */,
				63B8A7912AA7F69A008C3054 /* Assets.xcassets */,
				63B8A7932AA7F69A008C3054 /* Preview Content */,
			);
			path = FriendMinder;
			sourceTree = "<group>";
		};
		63B8A7932AA7F69A008C3054 /* Preview Content */ = {
			isa = PBXGroup;
			children = (
				63B8A7942AA7F69A008C3054 /* Preview Assets.xcassets */,
			);
			path = "Preview Content";
			sourceTree = "<group>";
		};
/* End PBXGroup section */

/* Begin PBXNativeTarget section */
		63B8A7892AA7F699008C3054 /* FriendMinder */ = {
			isa = PBXNativeTarget;
			buildConfigurationList = 63B8A7982AA7F69A008C3054 /* Build configuration list for PBXNativeTarget "FriendMinder" */;
			buildPhases = (
				63B8A7862AA7F699008C3054 /* Sources */,
				63B8A7872AA7F699008C3054 /* Frameworks */,
				63B8A7882AA7F699008C3054 /* Resources */,
			);
			buildRules = (
			);
			dependencies = (
			);
			name = FriendMinder;
			productName = FriendMinder;
			productReference = 63B8A78A2AA7F699008C3054 /* FriendMinder.app */;
			productType = "com.apple.product-type.application";
		};
/* End PBXNativeTarget section */

/* Begin PBXProject section */
		63B8A7822AA7F699008C3054 /* Project object */ = {
			isa = PBXProject;
			attributes = {
				BuildIndependentTargetsInParallel = 1;
				LastSwiftUpdateCheck = 1430;
				LastUpgradeCheck = 1430;
				TargetAttributes = {
					63B8A7892AA7F699008C3054 = {
						CreatedOnToolsVersion = 14.3.1;
					};
				};
			};
			buildConfigurationList = 63B8A7852AA7F699008C3054 /* Build configuration list for PBXProject "FriendMinder" */;
			compatibilityVersion = "Xcode 14.0";
			developmentRegion = en;
			hasScannedForEncodings = 0;
			knownRegions = (
				en,
				Base,
			);
			mainGroup = 63B8A7812AA7F699008C3054;
			productRefGroup = 63B8A78B2AA7F699008C3054 /* Products */;
			projectDirPath = "";
			projectRoot = "";
			targets = (
				63B8A7892AA7F699008C3054 /* FriendMinder */,
			);
		};
/* End PBXProject section */

/* Begin PBXResourcesBuildPhase section */
		63B8A7882AA7F699008C3054 /* Resources */ = {
			isa = PBXResourcesBuildPhase;
			buildActionMask = 2147483647;
			files = (
				63B8A7952AA7F69A008C3054 /* Preview Assets.xcassets in Resources */,
				63B8A7922AA7F69A008C3054 /* Assets.xcassets in Resources */,
			);
			runOnlyForDeploymentPostprocessing = 0;
		};
/* End PBXResourcesBuildPhase section */

/* Begin PBXSourcesBuildPhase section */
		63B8A7862AA7F699008C3054 /* Sources */ = {
			isa = PBXSourcesBuildPhase;
			buildActionMask = 2147483647;
			files = (
				630423F12AAA588C008C87C1 /* FileManager-DocumentsDirectory.swift in Sources */,
				630423EB2AAA3487008C87C1 /* ImagePicker.swift in Sources */,
				6318801D2AB22677008AD116 /* LocationFetcher.swift in Sources */,
				630423F72AAAA704008C87C1 /* EditView.swift in Sources */,
				630423ED2AAA3719008C87C1 /* ImageDetailView.swift in Sources */,
				630423EF2AAA49DD008C87C1 /* Friend.swift in Sources */,
				6318801F2AB22AAE008AD116 /* ImageDetailView-ViewModel.swift in Sources */,
				630423F92AAAA71D008C87C1 /* EditView-ViewModel.swift in Sources */,
				63B8A7902AA7F699008C3054 /* ContentView.swift in Sources */,
				630423F32AAA6177008C87C1 /* ContentView-ViewModel.swift in Sources */,
				63B8A78E2AA7F699008C3054 /* FriendMinderApp.swift in Sources */,
			);
			runOnlyForDeploymentPostprocessing = 0;
		};
/* End PBXSourcesBuildPhase section */

/* Begin XCBuildConfiguration section */
		63B8A7962AA7F69A008C3054 /* Debug */ = {
			isa = XCBuildConfiguration;
			buildSettings = {
				ALWAYS_SEARCH_USER_PATHS = NO;
				CLANG_ANALYZER_NONNULL = YES;
				CLANG_ANALYZER_NUMBER_OBJECT_CONVERSION = YES_AGGRESSIVE;
				CLANG_CXX_LANGUAGE_STANDARD = "gnu++20";
				CLANG_ENABLE_MODULES = YES;
				CLANG_ENABLE_OBJC_ARC = YES;
				CLANG_ENABLE_OBJC_WEAK = YES;
				CLANG_WARN_BLOCK_CAPTURE_AUTORELEASING = YES;
				CLANG_WARN_BOOL_CONVERSION = YES;
				CLANG_WARN_COMMA = YES;
				CLANG_WARN_CONSTANT_CONVERSION = YES;
				CLANG_WARN_DEPRECATED_OBJC_IMPLEMENTATIONS = YES;
				CLANG_WARN_DIRECT_OBJC_ISA_USAGE = YES_ERROR;
				CLANG_WARN_DOCUMENTATION_COMMENTS = YES;
				CLANG_WARN_EMPTY_BODY = YES;
				CLANG_WARN_ENUM_CONVERSION = YES;
				CLANG_WARN_INFINITE_RECURSION = YES;
				CLANG_WARN_INT_CONVERSION = YES;
				CLANG_WARN_NON_LITERAL_NULL_CONVERSION = YES;
				CLANG_WARN_OBJC_IMPLICIT_RETAIN_SELF = YES;
				CLANG_WARN_OBJC_LITERAL_CONVERSION = YES;
				CLANG_WARN_OBJC_ROOT_CLASS = YES_ERROR;
				CLANG_WARN_QUOTED_INCLUDE_IN_FRAMEWORK_HEADER = YES;
				CLANG_WARN_RANGE_LOOP_ANALYSIS = YES;
				CLANG_WARN_STRICT_PROTOTYPES = YES;
				CLANG_WARN_SUSPICIOUS_MOVE = YES;
				CLANG_WARN_UNGUARDED_AVAILABILITY = YES_AGGRESSIVE;
				CLANG_WARN_UNREACHABLE_CODE = YES;
				CLANG_WARN__DUPLICATE_METHOD_MATCH = YES;
				COPY_PHASE_STRIP = NO;
				DEBUG_INFORMATION_FORMAT = dwarf;
				ENABLE_STRICT_OBJC_MSGSEND = YES;
				ENABLE_TESTABILITY = YES;
				GCC_C_LANGUAGE_STANDARD = gnu11;
				GCC_DYNAMIC_NO_PIC = NO;
				GCC_NO_COMMON_BLOCKS = YES;
				GCC_OPTIMIZATION_LEVEL = 0;
				GCC_PREPROCESSOR_DEFINITIONS = (
					"DEBUG=1",
					"$(inherited)",
				);
				GCC_WARN_64_TO_32_BIT_CONVERSION = YES;
				GCC_WARN_ABOUT_RETURN_TYPE = YES_ERROR;
				GCC_WARN_UNDECLARED_SELECTOR = YES;
				GCC_WARN_UNINITIALIZED_AUTOS = YES_AGGRESSIVE;
				GCC_WARN_UNUSED_FUNCTION = YES;
				GCC_WARN_UNUSED_VARIABLE = YES;
				IPHONEOS_DEPLOYMENT_TARGET = 16.4;
				MTL_ENABLE_DEBUG_INFO = INCLUDE_SOURCE;
				MTL_FAST_MATH = YES;
				ONLY_ACTIVE_ARCH = YES;
				SDKROOT = iphoneos;
				SWIFT_ACTIVE_COMPILATION_CONDITIONS = DEBUG;
				SWIFT_OPTIMIZATION_LEVEL = "-Onone";
			};
			name = Debug;
		};
		63B8A7972AA7F69A008C3054 /* Release */ = {
			isa = XCBuildConfiguration;
			buildSettings = {
				ALWAYS_SEARCH_USER_PATHS = NO;
				CLANG_ANALYZER_NONNULL = YES;
				CLANG_ANALYZER_NUMBER_OBJECT_CONVERSION = YES_AGGRESSIVE;
				CLANG_CXX_LANGUAGE_STANDARD = "gnu++20";
				CLANG_ENABLE_MODULES = YES;
				CLANG_ENABLE_OBJC_ARC = YES;
				CLANG_ENABLE_OBJC_WEAK = YES;
				CLANG_WARN_BLOCK_CAPTURE_AUTORELEASING = YES;
				CLANG_WARN_BOOL_CONVERSION = YES;
				CLANG_WARN_COMMA = YES;
				CLANG_WARN_CONSTANT_CONVERSION = YES;
				CLANG_WARN_DEPRECATED_OBJC_IMPLEMENTATIONS = YES;
				CLANG_WARN_DIRECT_OBJC_ISA_USAGE = YES_ERROR;
				CLANG_WARN_DOCUMENTATION_COMMENTS = YES;
				CLANG_WARN_EMPTY_BODY = YES;
				CLANG_WARN_ENUM_CONVERSION = YES;
				CLANG_WARN_INFINITE_RECURSION = YES;
				CLANG_WARN_INT_CONVERSION = YES;
				CLANG_WARN_NON_LITERAL_NULL_CONVERSION = YES;
				CLANG_WARN_OBJC_IMPLICIT_RETAIN_SELF = YES;
				CLANG_WARN_OBJC_LITERAL_CONVERSION = YES;
				CLANG_WARN_OBJC_ROOT_CLASS = YES_ERROR;
				CLANG_WARN_QUOTED_INCLUDE_IN_FRAMEWORK_HEADER = YES;
				CLANG_WARN_RANGE_LOOP_ANALYSIS = YES;
				CLANG_WARN_STRICT_PROTOTYPES = YES;
				CLANG_WARN_SUSPICIOUS_MOVE = YES;
				CLANG_WARN_UNGUARDED_AVAILABILITY = YES_AGGRESSIVE;
				CLANG_WARN_UNREACHABLE_CODE = YES;
				CLANG_WARN__DUPLICATE_METHOD_MATCH = YES;
				COPY_PHASE_STRIP = NO;
				DEBUG_INFORMATION_FORMAT = "dwarf-with-dsym";
				ENABLE_NS_ASSERTIONS = NO;
				ENABLE_STRICT_OBJC_MSGSEND = YES;
				GCC_C_LANGUAGE_STANDARD = gnu11;
				GCC_NO_COMMON_BLOCKS = YES;
				GCC_WARN_64_TO_32_BIT_CONVERSION = YES;
				GCC_WARN_ABOUT_RETURN_TYPE = YES_ERROR;
				GCC_WARN_UNDECLARED_SELECTOR = YES;
				GCC_WARN_UNINITIALIZED_AUTOS = YES_AGGRESSIVE;
				GCC_WARN_UNUSED_FUNCTION = YES;
				GCC_WARN_UNUSED_VARIABLE = YES;
				IPHONEOS_DEPLOYMENT_TARGET = 16.4;
				MTL_ENABLE_DEBUG_INFO = NO;
				MTL_FAST_MATH = YES;
				SDKROOT = iphoneos;
				SWIFT_COMPILATION_MODE = wholemodule;
				SWIFT_OPTIMIZATION_LEVEL = "-O";
				VALIDATE_PRODUCT = YES;
			};
			name = Release;
		};
		63B8A7992AA7F69A008C3054 /* Debug */ = {
			isa = XCBuildConfiguration;
			buildSettings = {
				ASSETCATALOG_COMPILER_APPICON_NAME = AppIcon;
				ASSETCATALOG_COMPILER_GLOBAL_ACCENT_COLOR_NAME = AccentColor;
				CODE_SIGN_STYLE = Automatic;
				CURRENT_PROJECT_VERSION = 1;
				DEVELOPMENT_ASSET_PATHS = "\"FriendMinder/Preview Content\"";
				DEVELOPMENT_TEAM = MY2YQ76MW5;
				ENABLE_PREVIEWS = YES;
				GENERATE_INFOPLIST_FILE = YES;
				INFOPLIST_FILE = FriendMinder/Info.plist;
				INFOPLIST_KEY_NSLocationWhenInUseUsageDescription = "We need to show where this pic was taken";
				INFOPLIST_KEY_UIApplicationSceneManifest_Generation = YES;
				INFOPLIST_KEY_UIApplicationSupportsIndirectInputEvents = YES;
				INFOPLIST_KEY_UILaunchScreen_Generation = YES;
				INFOPLIST_KEY_UISupportedInterfaceOrientations_iPad = "UIInterfaceOrientationPortrait UIInterfaceOrientationPortraitUpsideDown UIInterfaceOrientationLandscapeLeft UIInterfaceOrientationLandscapeRight";
				INFOPLIST_KEY_UISupportedInterfaceOrientations_iPhone = "UIInterfaceOrientationPortrait UIInterfaceOrientationLandscapeLeft UIInterfaceOrientationLandscapeRight";
				LD_RUNPATH_SEARCH_PATHS = (
					"$(inherited)",
					"@executable_path/Frameworks",
				);
				MARKETING_VERSION = 1.0;
				PRODUCT_BUNDLE_IDENTIFIER = com.CondronBroadcastEngineering.FriendMinder;
				PRODUCT_NAME = "$(TARGET_NAME)";
				SWIFT_EMIT_LOC_STRINGS = YES;
				SWIFT_VERSION = 5.0;
				TARGETED_DEVICE_FAMILY = "1,2";
			};
			name = Debug;
		};
		63B8A79A2AA7F69A008C3054 /* Release */ = {
			isa = XCBuildConfiguration;
			buildSettings = {
				ASSETCATALOG_COMPILER_APPICON_NAME = AppIcon;
				ASSETCATALOG_COMPILER_GLOBAL_ACCENT_COLOR_NAME = AccentColor;
				CODE_SIGN_STYLE = Automatic;
				CURRENT_PROJECT_VERSION = 1;
				DEVELOPMENT_ASSET_PATHS = "\"FriendMinder/Preview Content\"";
				DEVELOPMENT_TEAM = MY2YQ76MW5;
				ENABLE_PREVIEWS = YES;
				GENERATE_INFOPLIST_FILE = YES;
				INFOPLIST_FILE = FriendMinder/Info.plist;
				INFOPLIST_KEY_NSLocationWhenInUseUsageDescription = "We need to show where this pic was taken";
				INFOPLIST_KEY_UIApplicationSceneManifest_Generation = YES;
				INFOPLIST_KEY_UIApplicationSupportsIndirectInputEvents = YES;
				INFOPLIST_KEY_UILaunchScreen_Generation = YES;
				INFOPLIST_KEY_UISupportedInterfaceOrientations_iPad = "UIInterfaceOrientationPortrait UIInterfaceOrientationPortraitUpsideDown UIInterfaceOrientationLandscapeLeft UIInterfaceOrientationLandscapeRight";
				INFOPLIST_KEY_UISupportedInterfaceOrientations_iPhone = "UIInterfaceOrientationPortrait UIInterfaceOrientationLandscapeLeft UIInterfaceOrientationLandscapeRight";
				LD_RUNPATH_SEARCH_PATHS = (
					"$(inherited)",
					"@executable_path/Frameworks",
				);
				MARKETING_VERSION = 1.0;
				PRODUCT_BUNDLE_IDENTIFIER = com.CondronBroadcastEngineering.FriendMinder;
				PRODUCT_NAME = "$(TARGET_NAME)";
				SWIFT_EMIT_LOC_STRINGS = YES;
				SWIFT_VERSION = 5.0;
				TARGETED_DEVICE_FAMILY = "1,2";
			};
			name = Release;
		};
/* End XCBuildConfiguration section */

/* Begin XCConfigurationList section */
		63B8A7852AA7F699008C3054 /* Build configuration list for PBXProject "FriendMinder" */ = {
			isa = XCConfigurationList;
			buildConfigurations = (
				63B8A7962AA7F69A008C3054 /* Debug */,
				63B8A7972AA7F69A008C3054 /* Release */,
			);
			defaultConfigurationIsVisible = 0;
			defaultConfigurationName = Release;
		};
		63B8A7982AA7F69A008C3054 /* Build configuration list for PBXNativeTarget "FriendMinder" */ = {
			isa = XCConfigurationList;
			buildConfigurations = (
				63B8A7992AA7F69A008C3054 /* Debug */,
				63B8A79A2AA7F69A008C3054 /* Release */,
			);
			defaultConfigurationIsVisible = 0;
			defaultConfigurationName = Release;
		};
/* End XCConfigurationList section */
	};
	rootObject = 63B8A7822AA7F699008C3054 /* Project object */;
}
